
Microsoft Visual Studio Solution File, Format Version 12.00
# Visual Studio Version 17
VisualStudioVersion = 17.4.33110.190
MinimumVisualStudioVersion = 10.0.40219.1
Project("{888888A0-9F3D-457C-B088-3A5042F75D52}") = "BlackjackGame", "BlackjackGame.pyproj", "{DD928605-64BD-4C8D-A30C-435B7A4025CA}"
EndProject
Global
	GlobalSection(SolutionConfigurationPlatforms) = preSolution
		Debug|Any CPU = Debug|Any CPU
		Release|Any CPU = Release|Any CPU
	EndGlobalSection
	GlobalSection(ProjectConfigurationPlatforms) = postSolution
		{DD928605-64BD-4C8D-A30C-435B7A4025CA}.Debug|Any CPU.ActiveCfg = Debug|Any CPU
		{DD928605-64BD-4C8D-A30C-435B7A4025CA}.Release|Any CPU.ActiveCfg = Release|Any CPU
	EndGlobalSection
	GlobalSection(SolutionProperties) = preSolution
		HideSolutionNode = FALSE
	EndGlobalSection
	GlobalSection(ExtensibilityGlobals) = postSolution
		SolutionGuid = {9F9466EE-F828-4212-99C2-177EB62FEB65}
	EndGlobalSection
EndGlobal
